github.com/pkg/errors v0.8.0/go.mod h1:bwawxfHBFNV+L2hUp1rHADufV3IMtnDRdf1r5NINEl0=
github.com/pkg/errors v0.9.1 h1:FEBLx1zS214owpjy7qsBeixbURkuhQAwrK5UwLGTwt4=
github.com/pkg/errors v0.9.1/go.mod h1:bwawxfHBFNV+L2hUp1rHADufV3IMtnDRdf1r5NINEl0=
github.com/segmentio/cli v0.3.4 h1:fdghOrtrCL4WLVFlWHw85hrAeDqAP3r+3ahJR2YDtJ4=
github.com/segmentio/cli v0.3.4/go.mod h1:+m0rKUSZsAc4BPzL3Cw9jergrTVzySBdBerJcC/qfes=
github.com/segmentio/encoding v0.1.11 h1:Qy9+DK2pmQnF6KjD5IclHekzfZFN+pZrHWyUbE2bhag=
github.com/segmentio/encoding v0.1.11/go.mod h1:RWhr02uzMB9gQC1x+MfYxedtmBibb9cZ6Vv9VxRSSbw=
github.com/segmentio/events/v2 v2.4.0 h1:8XZA/OlHFBLDIKtHwn6riWjCq8etZr8kBu2rx2DvFgM=
github.com/segmentio/events/v2 v2.4.0/go.mod h1:pj4K4ln5dpEa4grVeDLvnDyw+m7AO2lBbRjRPVNcPjo=
golang.org/x/sys v0.0.0-20190916202348-b4ddaad3f8a3 h1:7TYNF4UdlohbFwpNH04CoPMp1cHUZgO1Ebq5r2hIjfo=
golang.org/x/sys v0.0.0-20190916202348-b4ddaad3f8a3/go.mod h1:h1NjWce9XRLGQEsW7wpKNCjG9DtNlClVuFLEZdDNbEs=
gopkg.in/check.v1 v0.0.0-20161208181325-20d25e280405 h1:yhCVgyC4o1eVCa2tZl7eS0r+SDo693bJlVdllGtEeKM=
gopkg.in/check.v1 v0.0.0-20161208181325-20d25e280405/go.mod h1:Co6ibVJAznAaIkqp8huTwlJQCZ016jof/cbN4VW5Yz0=
gopkg.in/yaml.v3 v3.0.0-20200615113413-eeeca48fe776 h1:tQIYjPdBoyREyB9XMu+nnTclpTYkz2zFM+lzLJFO4gQ=
gopkg.in/yaml.v3 v3.0.0-20200615113413-eeeca48fe776/go.mod h1:K4uyk7z7BCEPqu6E+C64Yfv1cQ7kz7rIZviUmN+EgEM=
